
Microsoft Visual Studio Solution File, Format Version 12.00
# Visual Studio 15
VisualStudioVersion = 15.0.27703.2018
MinimumVisualStudioVersion = 10.0.40219.1
Project("{FAE04EC0-301F-11D3-BF4B-00C04F79EFBC}") = "BLEWindowsConsole", "BLEWindowsConsole\BLEWindowsConsole.csproj", "{B743782F-3D72-4522-8F2F-2B4FFF94FB4C}"
EndProject
Global
	GlobalSection(SolutionConfigurationPlatforms) = preSolution
		Debug|Any CPU = Debug|Any CPU
		Release|Any CPU = Release|Any CPU
	EndGlobalSection
	GlobalSection(ProjectConfigurationPlatforms) = postSolution
		{B743782F-3D72-4522-8F2F-2B4FFF94FB4C}.Debug|Any CPU.ActiveCfg = Debug|Any CPU
		{B743782F-3D72-4522-8F2F-2B4FFF94FB4C}.Debug|Any CPU.Build.0 = Debug|Any CPU
		{B743782F-3D72-4522-8F2F-2B4FFF94FB4C}.Release|Any CPU.ActiveCfg = Release|Any CPU
		{B743782F-3D72-4522-8F2F-2B4FFF94FB4C}.Release|Any CPU.Build.0 = Release|Any CPU
	EndGlobalSection
	GlobalSection(SolutionProperties) = preSolution
		HideSolutionNode = FALSE
	EndGlobalSection
	GlobalSection(ExtensibilityGlobals) = postSolution
		SolutionGuid = {D039A3E3-DF45-4286-A253-51201D1BDCC4}
	EndGlobalSection
EndGlobal
